// !$*UTF8*$!
{
	archiveVersion = 1;
	classes = {
	};
	objectVersion = 50;
	objects = {

/* Begin PBXBuildFile section */
		887DA2C2FBD4580382D43B0F /* Pods_iOSExample.framework in Frameworks */ = {isa = PBXBuildFile; fileRef = FB244628A4470E4CF5368582 /* Pods_iOSExample.framework */; };
		F9B28655224CC1B3005D30C7 /* AppDelegate.swift in Sources */ = {isa = PBXBuildFile; fileRef = F9B28654224CC1B3005D30C7 /* AppDelegate.swift */; };
		F9B28657224CC1B3005D30C7 /* ViewController.swift in Sources */ = {isa = PBXBuildFile; fileRef = F9B28656224CC1B3005D30C7 /* ViewController.swift */; };
		F9B2865A224CC1B3005D30C7 /* Main.storyboard in Resources */ = {isa = PBXBuildFile; fileRef = F9B28658224CC1B3005D30C7 /* Main.storyboard */; };
		F9B2865C224CC1B4005D30C7 /* Assets.xcassets in Resources */ = {isa = PBXBuildFile; fileRef = F9B2865B224CC1B4005D30C7 /* Assets.xcassets */; };
		F9B2865F224CC1B4005D30C7 /* LaunchScreen.storyboard in Resources */ = {isa = PBXBuildFile; fileRef = F9B2865D224CC1B4005D30C7 /* LaunchScreen.storyboard */; };
		F9B2866A224CC1B4005D30C7 /* iOSExampleTests.swift in Sources */ = {isa = PBXBuildFile; fileRef = F9B28669224CC1B4005D30C7 /* iOSExampleTests.swift */; };
		F9B28675224CC1B4005D30C7 /* iOSExampleUITests.swift in Sources */ = {isa = PBXBuildFile; fileRef = F9B28674224CC1B4005D30C7 /* iOSExampleUITests.swift */; };
/* End PBXBuildFile section */

/* Begin PBXContainerItemProxy section */
		F9B28666224CC1B4005D30C7 /* PBXContainerItemProxy */ = {
			isa = PBXContainerItemProxy;
			containerPortal = F9B28649224CC1B3005D30C7 /* Project object */;
			proxyType = 1;
			remoteGlobalIDString = F9B28650224CC1B3005D30C7;
			remoteInfo = iOSExample;
		};
		F9B28671224CC1B4005D30C7 /* PBXContainerItemProxy */ = {
			isa = PBXContainerItemProxy;
			containerPortal = F9B28649224CC1B3005D30C7 /* Project object */;
			proxyType = 1;
			remoteGlobalIDString = F9B28650224CC1B3005D30C7;
			remoteInfo = iOSExample;
		};
/* End PBXContainerItemProxy section */

/* Begin PBXFileReference section */
		4BAE6BAA2FF5533E6A18DE5D /* Pods-iOSExample.release.xcconfig */ = {isa = PBXFileReference; includeInIndex = 1; lastKnownFileType = text.xcconfig; name = "Pods-iOSExample.release.xcconfig"; path = "Target Support Files/Pods-iOSExample/Pods-iOSExample.release.xcconfig"; sourceTree = "<group>"; };
		6E592854706E6036FFC4BE9C /* Pods-iOSExample.debug.xcconfig */ = {isa = PBXFileReference; includeInIndex = 1; lastKnownFileType = text.xcconfig; name = "Pods-iOSExample.debug.xcconfig"; path = "Target Support Files/Pods-iOSExample/Pods-iOSExample.debug.xcconfig"; sourceTree = "<group>"; };
		F9B28651224CC1B3005D30C7 /* iOSExample.app */ = {isa = PBXFileReference; explicitFileType = wrapper.application; includeInIndex = 0; path = iOSExample.app; sourceTree = BUILT_PRODUCTS_DIR; };
		F9B28654224CC1B3005D30C7 /* AppDelegate.swift */ = {isa = PBXFileReference; lastKnownFileType = sourcecode.swift; path = AppDelegate.swift; sourceTree = "<group>"; };
		F9B28656224CC1B3005D30C7 /* ViewController.swift */ = {isa = PBXFileReference; lastKnownFileType = sourcecode.swift; path = ViewController.swift; sourceTree = "<group>"; };
		F9B28659224CC1B3005D30C7 /* Base */ = {isa = PBXFileReference; lastKnownFileType = file.storyboard; name = Base; path = Base.lproj/Main.storyboard; sourceTree = "<group>"; };
		F9B2865B224CC1B4005D30C7 /* Assets.xcassets */ = {isa = PBXFileReference; lastKnownFileType = folder.assetcatalog; path = Assets.xcassets; sourceTree = "<group>"; };
		F9B2865E224CC1B4005D30C7 /* Base */ = {isa = PBXFileReference; lastKnownFileType = file.storyboard; name = Base; path = Base.lproj/LaunchScreen.storyboard; sourceTree = "<group>"; };
		F9B28660224CC1B4005D30C7 /* Info.plist */ = {isa = PBXFileReference; lastKnownFileType = text.plist.xml; path = Info.plist; sourceTree = "<group>"; };
		F9B28665224CC1B4005D30C7 /* iOSExampleTests.xctest */ = {isa = PBXFileReference; explicitFileType = wrapper.cfbundle; includeInIndex = 0; path = iOSExampleTests.xctest; sourceTree = BUILT_PRODUCTS_DIR; };
		F9B28669224CC1B4005D30C7 /* iOSExampleTests.swift */ = {isa = PBXFileReference; lastKnownFileType = sourcecode.swift; path = iOSExampleTests.swift; sourceTree = "<group>"; };
		F9B2866B224CC1B4005D30C7 /* Info.plist */ = {isa = PBXFileReference; lastKnownFileType = text.plist.xml; path = Info.plist; sourceTree = "<group>"; };
		F9B28670224CC1B4005D30C7 /* iOSExampleUITests.xctest */ = {isa = PBXFileReference; explicitFileType = wrapper.cfbundle; includeInIndex = 0; path = iOSExampleUITests.xctest; sourceTree = BUILT_PRODUCTS_DIR; };
		F9B28674224CC1B4005D30C7 /* iOSExampleUITests.swift */ = {isa = PBXFileReference; lastKnownFileType = sourcecode.swift; path = iOSExampleUITests.swift; sourceTree = "<group>"; };
		F9B28676224CC1B4005D30C7 /* Info.plist */ = {isa = PBXFileReference; lastKnownFileType = text.plist.xml; path = Info.plist; sourceTree = "<group>"; };
		FB244628A4470E4CF5368582 /* Pods_iOSExample.framework */ = {isa = PBXFileReference; explicitFileType = wrapper.framework; includeInIndex = 0; path = Pods_iOSExample.framework; sourceTree = BUILT_PRODUCTS_DIR; };
/* End PBXFileReference section */

/* Begin PBXFrameworksBuildPhase section */
		F9B2864E224CC1B3005D30C7 /* Frameworks */ = {
			isa = PBXFrameworksBuildPhase;
			buildActionMask = 2147483647;
			files = (
				887DA2C2FBD4580382D43B0F /* Pods_iOSExample.framework in Frameworks */,
			);
			runOnlyForDeploymentPostprocessing = 0;
		};
		F9B28662224CC1B4005D30C7 /* Frameworks */ = {
			isa = PBXFrameworksBuildPhase;
			buildActionMask = 2147483647;
			files = (
			);
			runOnlyForDeploymentPostprocessing = 0;
		};
		F9B2866D224CC1B4005D30C7 /* Frameworks */ = {
			isa = PBXFrameworksBuildPhase;
			buildActionMask = 2147483647;
			files = (
			);
			runOnlyForDeploymentPostprocessing = 0;
		};
/* End PBXFrameworksBuildPhase section */

/* Begin PBXGroup section */
		7DBE41D98E75E4B2CDC229DE /* Frameworks */ = {
			isa = PBXGroup;
			children = (
				FB244628A4470E4CF5368582 /* Pods_iOSExample.framework */,
			);
			name = Frameworks;
			sourceTree = "<group>";
		};
		CEBAAEFFBF612DEB7D65FCAB /* Pods */ = {
			isa = PBXGroup;
			children = (
				6E592854706E6036FFC4BE9C /* Pods-iOSExample.debug.xcconfig */,
				4BAE6BAA2FF5533E6A18DE5D /* Pods-iOSExample.release.xcconfig */,
			);
			name = Pods;
			path = Pods;
			sourceTree = "<group>";
		};
		F9B28648224CC1B3005D30C7 = {
			isa = PBXGroup;
			children = (
				F9B28653224CC1B3005D30C7 /* iOSExample */,
				F9B28668224CC1B4005D30C7 /* iOSExampleTests */,
				F9B28673224CC1B4005D30C7 /* iOSExampleUITests */,
				F9B28652224CC1B3005D30C7 /* Products */,
				CEBAAEFFBF612DEB7D65FCAB /* Pods */,
				7DBE41D98E75E4B2CDC229DE /* Frameworks */,
			);
			sourceTree = "<group>";
		};
		F9B28652224CC1B3005D30C7 /* Products */ = {
			isa = PBXGroup;
			children = (
				F9B28651224CC1B3005D30C7 /* iOSExample.app */,
				F9B28665224CC1B4005D30C7 /* iOSExampleTests.xctest */,
				F9B28670224CC1B4005D30C7 /* iOSExampleUITests.xctest */,
			);
			name = Products;
			sourceTree = "<group>";
		};
		F9B28653224CC1B3005D30C7 /* iOSExample */ = {
			isa = PBXGroup;
			children = (
				F9B28654224CC1B3005D30C7 /* AppDelegate.swift */,
				F9B28656224CC1B3005D30C7 /* ViewController.swift */,
				F9B28658224CC1B3005D30C7 /* Main.storyboard */,
				F9B2865B224CC1B4005D30C7 /* Assets.xcassets */,
				F9B2865D224CC1B4005D30C7 /* LaunchScreen.storyboard */,
				F9B28660224CC1B4005D30C7 /* Info.plist */,
			);
			path = iOSExample;
			sourceTree = "<group>";
		};
		F9B28668224CC1B4005D30C7 /* iOSExampleTests */ = {
			isa = PBXGroup;
			children = (
				F9B28669224CC1B4005D30C7 /* iOSExampleTests.swift */,
				F9B2866B224CC1B4005D30C7 /* Info.plist */,
			);
			path = iOSExampleTests;
			sourceTree = "<group>";
		};
		F9B28673224CC1B4005D30C7 /* iOSExampleUITests */ = {
			isa = PBXGroup;
			children = (
				F9B28674224CC1B4005D30C7 /* iOSExampleUITests.swift */,
				F9B28676224CC1B4005D30C7 /* Info.plist */,
			);
			path = iOSExampleUITests;
			sourceTree = "<group>";
		};
/* End PBXGroup section */

/* Begin PBXNativeTarget section */
		F9B28650224CC1B3005D30C7 /* iOSExample */ = {
			isa = PBXNativeTarget;
			buildConfigurationList = F9B28679224CC1B4005D30C7 /* Build configuration list for PBXNativeTarget "iOSExample" */;
			buildPhases = (
				EC092466F4FF9EC7C7A86980 /* [CP] Check Pods Manifest.lock */,
				F9B2864D224CC1B3005D30C7 /* Sources */,
				F9B2864E224CC1B3005D30C7 /* Frameworks */,
				F9B2864F224CC1B3005D30C7 /* Resources */,
				26D41CBE30F575D5B2D6455C /* [CP] Embed Pods Frameworks */,
			);
			buildRules = (
			);
			dependencies = (
			);
			name = iOSExample;
			productName = iOSExample;
			productReference = F9B28651224CC1B3005D30C7 /* iOSExample.app */;
			productType = "com.apple.product-type.application";
		};
		F9B28664224CC1B4005D30C7 /* iOSExampleTests */ = {
			isa = PBXNativeTarget;
			buildConfigurationList = F9B2867C224CC1B4005D30C7 /* Build configuration list for PBXNativeTarget "iOSExampleTests" */;
			buildPhases = (
				F9B28661224CC1B4005D30C7 /* Sources */,
				F9B28662224CC1B4005D30C7 /* Frameworks */,
				F9B28663224CC1B4005D30C7 /* Resources */,
			);
			buildRules = (
			);
			dependencies = (
				F9B28667224CC1B4005D30C7 /* PBXTargetDependency */,
			);
			name = iOSExampleTests;
			productName = iOSExampleTests;
			productReference = F9B28665224CC1B4005D30C7 /* iOSExampleTests.xctest */;
			productType = "com.apple.product-type.bundle.unit-test";
		};
		F9B2866F224CC1B4005D30C7 /* iOSExampleUITests */ = {
			isa = PBXNativeTarget;
			buildConfigurationList = F9B2867F224CC1B4005D30C7 /* Build configuration list for PBXNativeTarget "iOSExampleUITests" */;
			buildPhases = (
				F9B2866C224CC1B4005D30C7 /* Sources */,
				F9B2866D224CC1B4005D30C7 /* Frameworks */,
				F9B2866E224CC1B4005D30C7 /* Resources */,
			);
			buildRules = (
			);
			dependencies = (
				F9B28672224CC1B4005D30C7 /* PBXTargetDependency */,
			);
			name = iOSExampleUITests;
			productName = iOSExampleUITests;
			productReference = F9B28670224CC1B4005D30C7 /* iOSExampleUITests.xctest */;
			productType = "com.apple.product-type.bundle.ui-testing";
		};
/* End PBXNativeTarget section */

/* Begin PBXProject section */
		F9B28649224CC1B3005D30C7 /* Project object */ = {
			isa = PBXProject;
			attributes = {
				LastSwiftUpdateCheck = 1020;
				LastUpgradeCheck = 1020;
				ORGANIZATIONNAME = "品驰医疗";
				TargetAttributes = {
					F9B28650224CC1B3005D30C7 = {
						CreatedOnToolsVersion = 10.2;
					};
					F9B28664224CC1B4005D30C7 = {
						CreatedOnToolsVersion = 10.2;
						TestTargetID = F9B28650224CC1B3005D30C7;
					};
					F9B2866F224CC1B4005D30C7 = {
						CreatedOnToolsVersion = 10.2;
						TestTargetID = F9B28650224CC1B3005D30C7;
					};
				};
			};
			buildConfigurationList = F9B2864C224CC1B3005D30C7 /* Build configuration list for PBXProject "iOSExample" */;
			compatibilityVersion = "Xcode 9.3";
			developmentRegion = en;
			hasScannedForEncodings = 0;
			knownRegions = (
				en,
				Base,
			);
			mainGroup = F9B28648224CC1B3005D30C7;
			productRefGroup = F9B28652224CC1B3005D30C7 /* Products */;
			projectDirPath = "";
			projectRoot = "";
			targets = (
				F9B28650224CC1B3005D30C7 /* iOSExample */,
				F9B28664224CC1B4005D30C7 /* iOSExampleTests */,
				F9B2866F224CC1B4005D30C7 /* iOSExampleUITests */,
			);
		};
/* End PBXProject section */

/* Begin PBXResourcesBuildPhase section */
		F9B2864F224CC1B3005D30C7 /* Resources */ = {
			isa = PBXResourcesBuildPhase;
			buildActionMask = 2147483647;
			files = (
				F9B2865F224CC1B4005D30C7 /* LaunchScreen.storyboard in Resources */,
				F9B2865C224CC1B4005D30C7 /* Assets.xcassets in Resources */,
				F9B2865A224CC1B3005D30C7 /* Main.storyboard in Resources */,
			);
			runOnlyForDeploymentPostprocessing = 0;
		};
		F9B28663224CC1B4005D30C7 /* Resources */ = {
			isa = PBXResourcesBuildPhase;
			buildActionMask = 2147483647;
			files = (
			);
			runOnlyForDeploymentPostprocessing = 0;
		};
		F9B2866E224CC1B4005D30C7 /* Resources */ = {
			isa = PBXResourcesBuildPhase;
			buildActionMask = 2147483647;
			files = (
			);
			runOnlyForDeploymentPostprocessing = 0;
		};
/* End PBXResourcesBuildPhase section */

/* Begin PBXShellScriptBuildPhase section */
		26D41CBE30F575D5B2D6455C /* [CP] Embed Pods Frameworks */ = {
			isa = PBXShellScriptBuildPhase;
			buildActionMask = 2147483647;
			files = (
			);
			inputFileListPaths = (
			);
			inputPaths = (
				"${PODS_ROOT}/Target Support Files/Pods-iOSExample/Pods-iOSExample-frameworks.sh",
				"${BUILT_PRODUCTS_DIR}/Alamofire/Alamofire.framework",
				"${BUILT_PRODUCTS_DIR}/BDNetworking/BDNetworking.framework",
			);
			name = "[CP] Embed Pods Frameworks";
			outputFileListPaths = (
			);
			outputPaths = (
				"${TARGET_BUILD_DIR}/${FRAMEWORKS_FOLDER_PATH}/Alamofire.framework",
				"${TARGET_BUILD_DIR}/${FRAMEWORKS_FOLDER_PATH}/BDNetworking.framework",
			);
			runOnlyForDeploymentPostprocessing = 0;
			shellPath = /bin/sh;
			shellScript = "\"${PODS_ROOT}/Target Support Files/Pods-iOSExample/Pods-iOSExample-frameworks.sh\"\n";
			showEnvVarsInLog = 0;
		};
		EC092466F4FF9EC7C7A86980 /* [CP] Check Pods Manifest.lock */ = {
			isa = PBXShellScriptBuildPhase;
			buildActionMask = 2147483647;
			files = (
			);
			inputFileListPaths = (
			);
			inputPaths = (
				"${PODS_PODFILE_DIR_PATH}/Podfile.lock",
				"${PODS_ROOT}/Manifest.lock",
			);
			name = "[CP] Check Pods Manifest.lock";
			outputFileListPaths = (
			);
			outputPaths = (
				"$(DERIVED_FILE_DIR)/Pods-iOSExample-checkManifestLockResult.txt",
			);
			runOnlyForDeploymentPostprocessing = 0;
			shellPath = /bin/sh;
			shellScript = "diff \"${PODS_PODFILE_DIR_PATH}/Podfile.lock\" \"${PODS_ROOT}/Manifest.lock\" > /dev/null\nif [ $? != 0 ] ; then\n    # print error to STDERR\n    echo \"error: The sandbox is not in sync with the Podfile.lock. Run 'pod install' or update your CocoaPods installation.\" >&2\n    exit 1\nfi\n# This output is used by Xcode 'outputs' to avoid re-running this script phase.\necho \"SUCCESS\" > \"${SCRIPT_OUTPUT_FILE_0}\"\n";
			showEnvVarsInLog = 0;
		};
/* End PBXShellScriptBuildPhase section */

/* Begin PBXSourcesBuildPhase section */
		F9B2864D224CC1B3005D30C7 /* Sources */ = {
			isa = PBXSourcesBuildPhase;
			buildActionMask = 2147483647;
			files = (
				F9B28657224CC1B3005D30C7 /* ViewController.swift in Sources */,
				F9B28655224CC1B3005D30C7 /* AppDelegate.swift in Sources */,
			);
			runOnlyForDeploymentPostprocessing = 0;
		};
		F9B28661224CC1B4005D30C7 /* Sources */ = {
			isa = PBXSourcesBuildPhase;
			buildActionMask = 2147483647;
			files = (
				F9B2866A224CC1B4005D30C7 /* iOSExampleTests.swift in Sources */,
			);
			runOnlyForDeploymentPostprocessing = 0;
		};
		F9B2866C224CC1B4005D30C7 /* Sources */ = {
			isa = PBXSourcesBuildPhase;
			buildActionMask = 2147483647;
			files = (
				F9B28675224CC1B4005D30C7 /* iOSExampleUITests.swift in Sources */,
			);
			runOnlyForDeploymentPostprocessing = 0;
		};
/* End PBXSourcesBuildPhase section */

/* Begin PBXTargetDependency section */
		F9B28667224CC1B4005D30C7 /* PBXTargetDependency */ = {
			isa = PBXTargetDependency;
			target = F9B28650224CC1B3005D30C7 /* iOSExample */;
			targetProxy = F9B28666224CC1B4005D30C7 /* PBXContainerItemProxy */;
		};
		F9B28672224CC1B4005D30C7 /* PBXTargetDependency */ = {
			isa = PBXTargetDependency;
			target = F9B28650224CC1B3005D30C7 /* iOSExample */;
			targetProxy = F9B28671224CC1B4005D30C7 /* PBXContainerItemProxy */;
		};
/* End PBXTargetDependency section */

/* Begin PBXVariantGroup section */
		F9B28658224CC1B3005D30C7 /* Main.storyboard */ = {
			isa = PBXVariantGroup;
			children = (
				F9B28659224CC1B3005D30C7 /* Base */,
			);
			name = Main.storyboard;
			sourceTree = "<group>";
		};
		F9B2865D224CC1B4005D30C7 /* LaunchScreen.storyboard */ = {
			isa = PBXVariantGroup;
			children = (
				F9B2865E224CC1B4005D30C7 /* Base */,
			);
			name = LaunchScreen.storyboard;
			sourceTree = "<group>";
		};
/* End PBXVariantGroup section */

/* Begin XCBuildConfiguration section */
		F9B28677224CC1B4005D30C7 /* Debug */ = {
			isa = XCBuildConfiguration;
			buildSettings = {
				ALWAYS_SEARCH_USER_PATHS = NO;
				CLANG_ANALYZER_NONNULL = YES;
				CLANG_ANALYZER_NUMBER_OBJECT_CONVERSION = YES_AGGRESSIVE;
				CLANG_CXX_LANGUAGE_STANDARD = "gnu++14";
				CLANG_CXX_LIBRARY = "libc++";
				CLANG_ENABLE_MODULES = YES;
				CLANG_ENABLE_OBJC_ARC = YES;
				CLANG_ENABLE_OBJC_WEAK = YES;
				CLANG_WARN_BLOCK_CAPTURE_AUTORELEASING = YES;
				CLANG_WARN_BOOL_CONVERSION = YES;
				CLANG_WARN_COMMA = YES;
				CLANG_WARN_CONSTANT_CONVERSION = YES;
				CLANG_WARN_DEPRECATED_OBJC_IMPLEMENTATIONS = YES;
				CLANG_WARN_DIRECT_OBJC_ISA_USAGE = YES_ERROR;
				CLANG_WARN_DOCUMENTATION_COMMENTS = YES;
				CLANG_WARN_EMPTY_BODY = YES;
				CLANG_WARN_ENUM_CONVERSION = YES;
				CLANG_WARN_INFINITE_RECURSION = YES;
				CLANG_WARN_INT_CONVERSION = YES;
				CLANG_WARN_NON_LITERAL_NULL_CONVERSION = YES;
				CLANG_WARN_OBJC_IMPLICIT_RETAIN_SELF = YES;
				CLANG_WARN_OBJC_LITERAL_CONVERSION = YES;
				CLANG_WARN_OBJC_ROOT_CLASS = YES_ERROR;
				CLANG_WARN_RANGE_LOOP_ANALYSIS = YES;
				CLANG_WARN_STRICT_PROTOTYPES = YES;
				CLANG_WARN_SUSPICIOUS_MOVE = YES;
				CLANG_WARN_UNGUARDED_AVAILABILITY = YES_AGGRESSIVE;
				CLANG_WARN_UNREACHABLE_CODE = YES;
				CLANG_WARN__DUPLICATE_METHOD_MATCH = YES;
				CODE_SIGN_IDENTITY = "iPhone Developer";
				COPY_PHASE_STRIP = NO;
				DEBUG_INFORMATION_FORMAT = dwarf;
				ENABLE_STRICT_OBJC_MSGSEND = YES;
				ENABLE_TESTABILITY = YES;
				GCC_C_LANGUAGE_STANDARD = gnu11;
				GCC_DYNAMIC_NO_PIC = NO;
				GCC_NO_COMMON_BLOCKS = YES;
				GCC_OPTIMIZATION_LEVEL = 0;
				GCC_PREPROCESSOR_DEFINITIONS = (
					"DEBUG=1",
					"$(inherited)",
				);
				GCC_WARN_64_TO_32_BIT_CONVERSION = YES;
				GCC_WARN_ABOUT_RETURN_TYPE = YES_ERROR;
				GCC_WARN_UNDECLARED_SELECTOR = YES;
				GCC_WARN_UNINITIALIZED_AUTOS = YES_AGGRESSIVE;
				GCC_WARN_UNUSED_FUNCTION = YES;
				GCC_WARN_UNUSED_VARIABLE = YES;
				IPHONEOS_DEPLOYMENT_TARGET = 12.2;
				MTL_ENABLE_DEBUG_INFO = INCLUDE_SOURCE;
				MTL_FAST_MATH = YES;
				ONLY_ACTIVE_ARCH = YES;
				SDKROOT = iphoneos;
				SWIFT_ACTIVE_COMPILATION_CONDITIONS = DEBUG;
				SWIFT_OPTIMIZATION_LEVEL = "-Onone";
			};
			name = Debug;
		};
		F9B28678224CC1B4005D30C7 /* Release */ = {
			isa = XCBuildConfiguration;
			buildSettings = {
				ALWAYS_SEARCH_USER_PATHS = NO;
				CLANG_ANALYZER_NONNULL = YES;
				CLANG_ANALYZER_NUMBER_OBJECT_CONVERSION = YES_AGGRESSIVE;
				CLANG_CXX_LANGUAGE_STANDARD = "gnu++14";
				CLANG_CXX_LIBRARY = "libc++";
				CLANG_ENABLE_MODULES = YES;
				CLANG_ENABLE_OBJC_ARC = YES;
				CLANG_ENABLE_OBJC_WEAK = YES;
				CLANG_WARN_BLOCK_CAPTURE_AUTORELEASING = YES;
				CLANG_WARN_BOOL_CONVERSION = YES;
				CLANG_WARN_COMMA = YES;
				CLANG_WARN_CONSTANT_CONVERSION = YES;
				CLANG_WARN_DEPRECATED_OBJC_IMPLEMENTATIONS = YES;
				CLANG_WARN_DIRECT_OBJC_ISA_USAGE = YES_ERROR;
				CLANG_WARN_DOCUMENTATION_COMMENTS = YES;
				CLANG_WARN_EMPTY_BODY = YES;
				CLANG_WARN_ENUM_CONVERSION = YES;
				CLANG_WARN_INFINITE_RECURSION = YES;
				CLANG_WARN_INT_CONVERSION = YES;
				CLANG_WARN_NON_LITERAL_NULL_CONVERSION = YES;
				CLANG_WARN_OBJC_IMPLICIT_RETAIN_SELF = YES;
				CLANG_WARN_OBJC_LITERAL_CONVERSION = YES;
				CLANG_WARN_OBJC_ROOT_CLASS = YES_ERROR;
				CLANG_WARN_RANGE_LOOP_ANALYSIS = YES;
				CLANG_WARN_STRICT_PROTOTYPES = YES;
				CLANG_WARN_SUSPICIOUS_MOVE = YES;
				CLANG_WARN_UNGUARDED_AVAILABILITY = YES_AGGRESSIVE;
				CLANG_WARN_UNREACHABLE_CODE = YES;
				CLANG_WARN__DUPLICATE_METHOD_MATCH = YES;
				CODE_SIGN_IDENTITY = "iPhone Developer";
				COPY_PHASE_STRIP = NO;
				DEBUG_INFORMATION_FORMAT = "dwarf-with-dsym";
				ENABLE_NS_ASSERTIONS = NO;
				ENABLE_STRICT_OBJC_MSGSEND = YES;
				GCC_C_LANGUAGE_STANDARD = gnu11;
				GCC_NO_COMMON_BLOCKS = YES;
				GCC_WARN_64_TO_32_BIT_CONVERSION = YES;
				GCC_WARN_ABOUT_RETURN_TYPE = YES_ERROR;
				GCC_WARN_UNDECLARED_SELECTOR = YES;
				GCC_WARN_UNINITIALIZED_AUTOS = YES_AGGRESSIVE;
				GCC_WARN_UNUSED_FUNCTION = YES;
				GCC_WARN_UNUSED_VARIABLE = YES;
				IPHONEOS_DEPLOYMENT_TARGET = 12.2;
				MTL_ENABLE_DEBUG_INFO = NO;
				MTL_FAST_MATH = YES;
				SDKROOT = iphoneos;
				SWIFT_COMPILATION_MODE = wholemodule;
				SWIFT_OPTIMIZATION_LEVEL = "-O";
				VALIDATE_PRODUCT = YES;
			};
			name = Release;
		};
		F9B2867A224CC1B4005D30C7 /* Debug */ = {
			isa = XCBuildConfiguration;
			baseConfigurationReference = 6E592854706E6036FFC4BE9C /* Pods-iOSExample.debug.xcconfig */;
			buildSettings = {
				ASSETCATALOG_COMPILER_APPICON_NAME = AppIcon;
				CODE_SIGN_STYLE = Automatic;
				INFOPLIST_FILE = iOSExample/Info.plist;
				LD_RUNPATH_SEARCH_PATHS = (
					"$(inherited)",
					"@executable_path/Frameworks",
				);
				PRODUCT_BUNDLE_IDENTIFIER = com.pinsmedical.iOSExample;
				PRODUCT_NAME = "$(TARGET_NAME)";
				SWIFT_VERSION = 5.0;
				TARGETED_DEVICE_FAMILY = "1,2";
			};
			name = Debug;
		};
		F9B2867B224CC1B4005D30C7 /* Release */ = {
			isa = XCBuildConfiguration;
			baseConfigurationReference = 4BAE6BAA2FF5533E6A18DE5D /* Pods-iOSExample.release.xcconfig */;
			buildSettings = {
				ASSETCATALOG_COMPILER_APPICON_NAME = AppIcon;
				CODE_SIGN_STYLE = Automatic;
				INFOPLIST_FILE = iOSExample/Info.plist;
				LD_RUNPATH_SEARCH_PATHS = (
					"$(inherited)",
					"@executable_path/Frameworks",
				);
				PRODUCT_BUNDLE_IDENTIFIER = com.pinsmedical.iOSExample;
				PRODUCT_NAME = "$(TARGET_NAME)";
				SWIFT_VERSION = 5.0;
				TARGETED_DEVICE_FAMILY = "1,2";
			};
			name = Release;
		};
		F9B2867D224CC1B4005D30C7 /* Debug */ = {
			isa = XCBuildConfiguration;
			buildSettings = {
				ALWAYS_EMBED_SWIFT_STANDARD_LIBRARIES = YES;
				BUNDLE_LOADER = "$(TEST_HOST)";
				CODE_SIGN_STYLE = Automatic;
				INFOPLIST_FILE = iOSExampleTests/Info.plist;
				LD_RUNPATH_SEARCH_PATHS = (
					"$(inherited)",
					"@executable_path/Frameworks",
					"@loader_path/Frameworks",
				);
				PRODUCT_BUNDLE_IDENTIFIER = com.pinsmedical.iOSExampleTests;
				PRODUCT_NAME = "$(TARGET_NAME)";
				SWIFT_VERSION = 5.0;
				TARGETED_DEVICE_FAMILY = "1,2";
				TEST_HOST = "$(BUILT_PRODUCTS_DIR)/iOSExample.app/iOSExample";
			};
			name = Debug;
		};
		F9B2867E224CC1B4005D30C7 /* Release */ = {
			isa = XCBuildConfiguration;
			buildSettings = {
				ALWAYS_EMBED_SWIFT_STANDARD_LIBRARIES = YES;
				BUNDLE_LOADER = "$(TEST_HOST)";
				CODE_SIGN_STYLE = Automatic;
				INFOPLIST_FILE = iOSExampleTests/Info.plist;
				LD_RUNPATH_SEARCH_PATHS = (
					"$(inherited)",
					"@executable_path/Frameworks",
					"@loader_path/Frameworks",
				);
				PRODUCT_BUNDLE_IDENTIFIER = com.pinsmedical.iOSExampleTests;
				PRODUCT_NAME = "$(TARGET_NAME)";
				SWIFT_VERSION = 5.0;
				TARGETED_DEVICE_FAMILY = "1,2";
				TEST_HOST = "$(BUILT_PRODUCTS_DIR)/iOSExample.app/iOSExample";
			};
			name = Release;
		};
		F9B28680224CC1B4005D30C7 /* Debug */ = {
			isa = XCBuildConfiguration;
			buildSettings = {
				ALWAYS_EMBED_SWIFT_STANDARD_LIBRARIES = YES;
				CODE_SIGN_STYLE = Automatic;
				INFOPLIST_FILE = iOSExampleUITests/Info.plist;
				LD_RUNPATH_SEARCH_PATHS = (
					"$(inherited)",
					"@executable_path/Frameworks",
					"@loader_path/Frameworks",
				);
				PRODUCT_BUNDLE_IDENTIFIER = com.pinsmedical.iOSExampleUITests;
				PRODUCT_NAME = "$(TARGET_NAME)";
				SWIFT_VERSION = 5.0;
				TARGETED_DEVICE_FAMILY = "1,2";
				TEST_TARGET_NAME = iOSExample;
			};
			name = Debug;
		};
		F9B28681224CC1B4005D30C7 /* Release */ = {
			isa = XCBuildConfiguration;
			buildSettings = {
				ALWAYS_EMBED_SWIFT_STANDARD_LIBRARIES = YES;
				CODE_SIGN_STYLE = Automatic;
				INFOPLIST_FILE = iOSExampleUITests/Info.plist;
				LD_RUNPATH_SEARCH_PATHS = (
					"$(inherited)",
					"@executable_path/Frameworks",
					"@loader_path/Frameworks",
				);
				PRODUCT_BUNDLE_IDENTIFIER = com.pinsmedical.iOSExampleUITests;
				PRODUCT_NAME = "$(TARGET_NAME)";
				SWIFT_VERSION = 5.0;
				TARGETED_DEVICE_FAMILY = "1,2";
				TEST_TARGET_NAME = iOSExample;
			};
			name = Release;
		};
/* End XCBuildConfiguration section */

/* Begin XCConfigurationList section */
		F9B2864C224CC1B3005D30C7 /* Build configuration list for PBXProject "iOSExample" */ = {
			isa = XCConfigurationList;
			buildConfigurations = (
				F9B28677224CC1B4005D30C7 /* Debug */,
				F9B28678224CC1B4005D30C7 /* Release */,
			);
			defaultConfigurationIsVisible = 0;
			defaultConfigurationName = Release;
		};
		F9B28679224CC1B4005D30C7 /* Build configuration list for PBXNativeTarget "iOSExample" */ = {
			isa = XCConfigurationList;
			buildConfigurations = (
				F9B2867A224CC1B4005D30C7 /* Debug */,
				F9B2867B224CC1B4005D30C7 /* Release */,
			);
			defaultConfigurationIsVisible = 0;
			defaultConfigurationName = Release;
		};
		F9B2867C224CC1B4005D30C7 /* Build configuration list for PBXNativeTarget "iOSExampleTests" */ = {
			isa = XCConfigurationList;
			buildConfigurations = (
				F9B2867D224CC1B4005D30C7 /* Debug */,
				F9B2867E224CC1B4005D30C7 /* Release */,
			);
			defaultConfigurationIsVisible = 0;
			defaultConfigurationName = Release;
		};
		F9B2867F224CC1B4005D30C7 /* Build configuration list for PBXNativeTarget "iOSExampleUITests" */ = {
			isa = XCConfigurationList;
			buildConfigurations = (
				F9B28680224CC1B4005D30C7 /* Debug */,
				F9B28681224CC1B4005D30C7 /* Release */,
			);
			defaultConfigurationIsVisible = 0;
			defaultConfigurationName = Release;
		};
/* End XCConfigurationList section */
	};
	rootObject = F9B28649224CC1B3005D30C7 /* Project object */;
}
